
Microsoft Visual Studio Solution File, Format Version 12.00
# Visual Studio Version 17
VisualStudioVersion = 17.7.34018.315
MinimumVisualStudioVersion = 10.0.40219.1
Project("{FAE04EC0-301F-11D3-BF4B-00C04F79EFBC}") = "NEGOCIO", "NEGOCIO.csproj", "{F40F6B94-1B34-4262-A3DD-64561CC76142}"
EndProject
Global
	GlobalSection(SolutionConfigurationPlatforms) = preSolution
		Debug|Any CPU = Debug|Any CPU
		Release|Any CPU = Release|Any CPU
	EndGlobalSection
	GlobalSection(ProjectConfigurationPlatforms) = postSolution
		{F40F6B94-1B34-4262-A3DD-64561CC76142}.Debug|Any CPU.ActiveCfg = Debug|Any CPU
		{F40F6B94-1B34-4262-A3DD-64561CC76142}.Debug|Any CPU.Build.0 = Debug|Any CPU
		{F40F6B94-1B34-4262-A3DD-64561CC76142}.Release|Any CPU.ActiveCfg = Release|Any CPU
		{F40F6B94-1B34-4262-A3DD-64561CC76142}.Release|Any CPU.Build.0 = Release|Any CPU
	EndGlobalSection
	GlobalSection(SolutionProperties) = preSolution
		HideSolutionNode = FALSE
	EndGlobalSection
	GlobalSection(ExtensibilityGlobals) = postSolution
		SolutionGuid = {5A9CE9E5-143E-4A77-BCAF-F65D447FEDC7}
	EndGlobalSection
EndGlobal
